
Microsoft Visual Studio Solution File, Format Version 12.00
# Visual Studio Version 17
VisualStudioVersion = 17.3.32825.248
MinimumVisualStudioVersion = 10.0.40219.1
Project("{FAE04EC0-301F-11D3-BF4B-00C04F79EFBC}") = "elefanti.video.backend", "elefanti.video.backend.csproj", "{192B5C86-679F-402C-A3FF-4BB3393F2EBC}"
EndProject
Global
	GlobalSection(SolutionConfigurationPlatforms) = preSolution
		Debug|Any CPU = Debug|Any CPU
		Release|Any CPU = Release|Any CPU
	EndGlobalSection
	GlobalSection(ProjectConfigurationPlatforms) = postSolution
		{192B5C86-679F-402C-A3FF-4BB3393F2EBC}.Debug|Any CPU.ActiveCfg = Debug|Any CPU
		{192B5C86-679F-402C-A3FF-4BB3393F2EBC}.Debug|Any CPU.Build.0 = Debug|Any CPU
		{192B5C86-679F-402C-A3FF-4BB3393F2EBC}.Release|Any CPU.ActiveCfg = Release|Any CPU
		{192B5C86-679F-402C-A3FF-4BB3393F2EBC}.Release|Any CPU.Build.0 = Release|Any CPU
	EndGlobalSection
	GlobalSection(SolutionProperties) = preSolution
		HideSolutionNode = FALSE
	EndGlobalSection
	GlobalSection(ExtensibilityGlobals) = postSolution
		SolutionGuid = {76D8CC62-AA12-4728-8E29-0CC33573379A}
	EndGlobalSection
EndGlobal
